{
  "name": "@acuminous/bitsyntax",
  "version": "0.1.1",
  "lockfileVersion": 2,
  "requires": true,
  "packages": {
    "": {
      "name": "@acuminous/bitsyntax",
      "version": "0.1.1",
      "license": "MIT",
      "dependencies": {
        "buffer-more-ints": "~1.0.0",
        "debug": "^4.3.4",
        "safe-buffer": "~5.1.2"
      },
      "devDependencies": {
        "pegjs": "^0.7.0",
        "zunit": "^3.2.1"
      },
      "engines": {
        "node": ">=0.8"
      }
    },
    "node_modules/buffer-more-ints": {
      "version": "1.0.0",
      "resolved": "https://registry.npmjs.org/buffer-more-ints/-/buffer-more-ints-1.0.0.tgz",
      "integrity": "sha512-EMetuGFz5SLsT0QTnXzINh4Ksr+oo4i+UGTXEshiGCQWnsgSs7ZhJ8fzlwQ+OzEMs0MpDAMr1hxnblp5a4vcHg=="
    },
    "node_modules/debug": {
      "version": "4.3.4",
      "resolved": "https://registry.npmjs.org/debug/-/debug-4.3.4.tgz",
      "integrity": "sha512-PRWFHuSU3eDtQJPvnNY7Jcket1j0t5OuOsFzPPzsekD52Zl8qUfFIPEiswXqIvHWGVHOgX+7G/vCNNhehwxfkQ==",
      "dependencies": {
        "ms": "2.1.2"
      },
      "engines": {
        "node": ">=6.0"
      },
      "peerDependenciesMeta": {
        "supports-color": {
          "optional": true
        }
      }
    },
    "node_modules/ms": {
      "version": "2.1.2",
      "resolved": "https://registry.npmjs.org/ms/-/ms-2.1.2.tgz",
      "integrity": "sha512-sGkPx+VjMtmA6MX27oA4FBFELFCZZ4S4XqeGOXCv68tT+jb3vk/RyaKWP0PTKyWtmLSM0b+adUTEvbs1PEaH2w=="
    },
    "node_modules/pegjs": {
      "version": "0.7.0",
      "resolved": "https://registry.npmjs.org/pegjs/-/pegjs-0.7.0.tgz",
      "integrity": "sha512-LKb5vROzG2N6FVpITS8zy4BSB8M5z8JgiM0LzgvUVRIdScHys8RYlYvHVSL3WeXMLowF9MZj1hPusuVvTgeq4w==",
      "dev": true,
      "bin": {
        "pegjs": "bin/pegjs"
      },
      "engines": {
        "node": ">= 0.6.6"
      }
    },
    "node_modules/safe-buffer": {
      "version": "5.1.2",
      "resolved": "https://registry.npmjs.org/safe-buffer/-/safe-buffer-5.1.2.tgz",
      "integrity": "sha512-Gd2UZBJDkXlY7GbJxfsE8/nvKkUEU1G38c1siN6QP6a9PT9MmHB8GnpscSmMJSoF8LOIrt8ud/wPtojys4G6+g=="
    },
    "node_modules/zunit": {
      "version": "3.2.1",
      "resolved": "https://registry.npmjs.org/zunit/-/zunit-3.2.1.tgz",
      "integrity": "sha512-EM1gvyMsnqYe8E0cL8j0FloL+tcmC9gkekEBJyFLKZDl6I+L6jnaJ20VlyCzYwB/IOx8qmjRDIqaplafZMLS4Q==",
      "dev": true,
      "bin": {
        "zUnit": "bin/zUnit.js"
      },
      "engines": {
        "node": ">=10"
      }
    }
  },
  "dependencies": {
    "buffer-more-ints": {
      "version": "1.0.0",
      "resolved": "https://registry.npmjs.org/buffer-more-ints/-/buffer-more-ints-1.0.0.tgz",
      "integrity": "sha512-EMetuGFz5SLsT0QTnXzINh4Ksr+oo4i+UGTXEshiGCQWnsgSs7ZhJ8fzlwQ+OzEMs0MpDAMr1hxnblp5a4vcHg=="
    },
    "debug": {
      "version": "4.3.4",
      "resolved": "https://registry.npmjs.org/debug/-/debug-4.3.4.tgz",
      "integrity": "sha512-PRWFHuSU3eDtQJPvnNY7Jcket1j0t5OuOsFzPPzsekD52Zl8qUfFIPEiswXqIvHWGVHOgX+7G/vCNNhehwxfkQ==",
      "requires": {
        "ms": "2.1.2"
      }
    },
    "ms": {
      "version": "2.1.2",
      "resolved": "https://registry.npmjs.org/ms/-/ms-2.1.2.tgz",
      "integrity": "sha512-sGkPx+VjMtmA6MX27oA4FBFELFCZZ4S4XqeGOXCv68tT+jb3vk/RyaKWP0PTKyWtmLSM0b+adUTEvbs1PEaH2w=="
    },
    "pegjs": {
      "version": "0.7.0",
      "resolved": "https://registry.npmjs.org/pegjs/-/pegjs-0.7.0.tgz",
      "integrity": "sha512-LKb5vROzG2N6FVpITS8zy4BSB8M5z8JgiM0LzgvUVRIdScHys8RYlYvHVSL3WeXMLowF9MZj1hPusuVvTgeq4w==",
      "dev": true
    },
    "safe-buffer": {
      "version": "5.1.2",
      "resolved": "https://registry.npmjs.org/safe-buffer/-/safe-buffer-5.1.2.tgz",
      "integrity": "sha512-Gd2UZBJDkXlY7GbJxfsE8/nvKkUEU1G38c1siN6QP6a9PT9MmHB8GnpscSmMJSoF8LOIrt8ud/wPtojys4G6+g=="
    },
    "zunit": {
      "version": "3.2.1",
      "resolved": "https://registry.npmjs.org/zunit/-/zunit-3.2.1.tgz",
      "integrity": "sha512-EM1gvyMsnqYe8E0cL8j0FloL+tcmC9gkekEBJyFLKZDl6I+L6jnaJ20VlyCzYwB/IOx8qmjRDIqaplafZMLS4Q==",
      "dev": true
    }
  }
}
